
Microsoft Visual Studio Solution File, Format Version 12.00
# Visual Studio Version 16
VisualStudioVersion = 16.0.31729.503
MinimumVisualStudioVersion = 10.0.40219.1
Project("{9A19103F-16F7-4668-BE54-9A1E7A4F7556}") = "CosmosOdyssey.Server", "Server\CosmosOdyssey.Server.csproj", "{67B46E18-CC07-4BAB-909B-FDC63106C2AA}"
EndProject
Project("{9A19103F-16F7-4668-BE54-9A1E7A4F7556}") = "CosmosOdyssey.Client", "Client\CosmosOdyssey.Client.csproj", "{A4A0668F-07B3-41CB-94E1-D674CC3F8BDA}"
EndProject
Project("{9A19103F-16F7-4668-BE54-9A1E7A4F7556}") = "CosmosOdyssey.Shared", "Shared\CosmosOdyssey.Shared.csproj", "{87E8B7A3-19FB-442F-819C-DEB4949526BA}"
EndProject
Global
	GlobalSection(SolutionConfigurationPlatforms) = preSolution
		Debug|Any CPU = Debug|Any CPU
		Release|Any CPU = Release|Any CPU
	EndGlobalSection
	GlobalSection(ProjectConfigurationPlatforms) = postSolution
		{67B46E18-CC07-4BAB-909B-FDC63106C2AA}.Debug|Any CPU.ActiveCfg = Debug|Any CPU
		{67B46E18-CC07-4BAB-909B-FDC63106C2AA}.Debug|Any CPU.Build.0 = Debug|Any CPU
		{67B46E18-CC07-4BAB-909B-FDC63106C2AA}.Release|Any CPU.ActiveCfg = Release|Any CPU
		{67B46E18-CC07-4BAB-909B-FDC63106C2AA}.Release|Any CPU.Build.0 = Release|Any CPU
		{A4A0668F-07B3-41CB-94E1-D674CC3F8BDA}.Debug|Any CPU.ActiveCfg = Debug|Any CPU
		{A4A0668F-07B3-41CB-94E1-D674CC3F8BDA}.Debug|Any CPU.Build.0 = Debug|Any CPU
		{A4A0668F-07B3-41CB-94E1-D674CC3F8BDA}.Release|Any CPU.ActiveCfg = Release|Any CPU
		{A4A0668F-07B3-41CB-94E1-D674CC3F8BDA}.Release|Any CPU.Build.0 = Release|Any CPU
		{87E8B7A3-19FB-442F-819C-DEB4949526BA}.Debug|Any CPU.ActiveCfg = Debug|Any CPU
		{87E8B7A3-19FB-442F-819C-DEB4949526BA}.Debug|Any CPU.Build.0 = Debug|Any CPU
		{87E8B7A3-19FB-442F-819C-DEB4949526BA}.Release|Any CPU.ActiveCfg = Release|Any CPU
		{87E8B7A3-19FB-442F-819C-DEB4949526BA}.Release|Any CPU.Build.0 = Release|Any CPU
	EndGlobalSection
	GlobalSection(SolutionProperties) = preSolution
		HideSolutionNode = FALSE
	EndGlobalSection
	GlobalSection(ExtensibilityGlobals) = postSolution
		SolutionGuid = {F497E055-B67F-4AEB-B6B2-829627D96DD8}
	EndGlobalSection
EndGlobal
